// !$*UTF8*$!
{
	archiveVersion = 1;
	classes = {
	};
	objectVersion = 46;
	objects = {

/* Begin PBXBuildFile section */
		B9166BB01DD056D2000315A9 /* Functions.swift in Sources */ = {isa = PBXBuildFile; fileRef = B9166BAF1DD056D2000315A9 /* Functions.swift */; };
		B9166BB21DD062B8000315A9 /* Bean.swift in Sources */ = {isa = PBXBuildFile; fileRef = B9166BB11DD062B8000315A9 /* Bean.swift */; };
		B9CB23641DB09ED600A46C76 /* AppDelegate.swift in Sources */ = {isa = PBXBuildFile; fileRef = B9CB23631DB09ED600A46C76 /* AppDelegate.swift */; };
		B9CB236A1DB09ED600A46C76 /* GameScene.swift in Sources */ = {isa = PBXBuildFile; fileRef = B9CB23691DB09ED600A46C76 /* GameScene.swift */; };
		B9CB236C1DB09ED600A46C76 /* GameViewController.swift in Sources */ = {isa = PBXBuildFile; fileRef = B9CB236B1DB09ED600A46C76 /* GameViewController.swift */; };
		B9CB236F1DB09ED600A46C76 /* Main.storyboard in Resources */ = {isa = PBXBuildFile; fileRef = B9CB236D1DB09ED600A46C76 /* Main.storyboard */; };
		B9CB23711DB09ED600A46C76 /* Assets.xcassets in Resources */ = {isa = PBXBuildFile; fileRef = B9CB23701DB09ED600A46C76 /* Assets.xcassets */; };
		B9CB23741DB09ED600A46C76 /* LaunchScreen.storyboard in Resources */ = {isa = PBXBuildFile; fileRef = B9CB23721DB09ED600A46C76 /* LaunchScreen.storyboard */; };
		B9CB237C1DB0BA7400A46C76 /* MyUtils.swift in Sources */ = {isa = PBXBuildFile; fileRef = B9CB237B1DB0BA7400A46C76 /* MyUtils.swift */; };
/* End PBXBuildFile section */

/* Begin PBXFileReference section */
		B9166BAF1DD056D2000315A9 /* Functions.swift */ = {isa = PBXFileReference; fileEncoding = 4; lastKnownFileType = sourcecode.swift; path = Functions.swift; sourceTree = "<group>"; };
		B9166BB11DD062B8000315A9 /* Bean.swift */ = {isa = PBXFileReference; fileEncoding = 4; lastKnownFileType = sourcecode.swift; path = Bean.swift; sourceTree = "<group>"; };
		B9CB23601DB09ED600A46C76 /* ZombieConga.app */ = {isa = PBXFileReference; explicitFileType = wrapper.application; includeInIndex = 0; path = ZombieConga.app; sourceTree = BUILT_PRODUCTS_DIR; };
		B9CB23631DB09ED600A46C76 /* AppDelegate.swift */ = {isa = PBXFileReference; lastKnownFileType = sourcecode.swift; path = AppDelegate.swift; sourceTree = "<group>"; };
		B9CB23691DB09ED600A46C76 /* GameScene.swift */ = {isa = PBXFileReference; lastKnownFileType = sourcecode.swift; path = GameScene.swift; sourceTree = "<group>"; };
		B9CB236B1DB09ED600A46C76 /* GameViewController.swift */ = {isa = PBXFileReference; lastKnownFileType = sourcecode.swift; path = GameViewController.swift; sourceTree = "<group>"; };
		B9CB236E1DB09ED600A46C76 /* Base */ = {isa = PBXFileReference; lastKnownFileType = file.storyboard; name = Base; path = Base.lproj/Main.storyboard; sourceTree = "<group>"; };
		B9CB23701DB09ED600A46C76 /* Assets.xcassets */ = {isa = PBXFileReference; lastKnownFileType = folder.assetcatalog; path = Assets.xcassets; sourceTree = "<group>"; };
		B9CB23731DB09ED600A46C76 /* Base */ = {isa = PBXFileReference; lastKnownFileType = file.storyboard; name = Base; path = Base.lproj/LaunchScreen.storyboard; sourceTree = "<group>"; };
		B9CB23751DB09ED600A46C76 /* Info.plist */ = {isa = PBXFileReference; lastKnownFileType = text.plist.xml; path = Info.plist; sourceTree = "<group>"; };
		B9CB237B1DB0BA7400A46C76 /* MyUtils.swift */ = {isa = PBXFileReference; fileEncoding = 4; lastKnownFileType = sourcecode.swift; path = MyUtils.swift; sourceTree = "<group>"; };
/* End PBXFileReference section */

/* Begin PBXFrameworksBuildPhase section */
		B9CB235D1DB09ED600A46C76 /* Frameworks */ = {
			isa = PBXFrameworksBuildPhase;
			buildActionMask = 2147483647;
			files = (
			);
			runOnlyForDeploymentPostprocessing = 0;
		};
/* End PBXFrameworksBuildPhase section */

/* Begin PBXGroup section */
		B9CB23571DB09ED600A46C76 = {
			isa = PBXGroup;
			children = (
				B9CB23621DB09ED600A46C76 /* ZombieConga */,
				B9CB23611DB09ED600A46C76 /* Products */,
			);
			sourceTree = "<group>";
		};
		B9CB23611DB09ED600A46C76 /* Products */ = {
			isa = PBXGroup;
			children = (
				B9CB23601DB09ED600A46C76 /* ZombieConga.app */,
			);
			name = Products;
			sourceTree = "<group>";
		};
		B9CB23621DB09ED600A46C76 /* ZombieConga */ = {
			isa = PBXGroup;
			children = (
				B9CB23631DB09ED600A46C76 /* AppDelegate.swift */,
				B9166BAF1DD056D2000315A9 /* Functions.swift */,
				B9CB23691DB09ED600A46C76 /* GameScene.swift */,
				B9CB236B1DB09ED600A46C76 /* GameViewController.swift */,
				B9CB236D1DB09ED600A46C76 /* Main.storyboard */,
				B9CB237B1DB0BA7400A46C76 /* MyUtils.swift */,
				B9166BB11DD062B8000315A9 /* Bean.swift */,
				B9CB23701DB09ED600A46C76 /* Assets.xcassets */,
				B9CB23721DB09ED600A46C76 /* LaunchScreen.storyboard */,
				B9CB23751DB09ED600A46C76 /* Info.plist */,
			);
			path = ZombieConga;
			sourceTree = "<group>";
		};
/* End PBXGroup section */

/* Begin PBXNativeTarget section */
		B9CB235F1DB09ED600A46C76 /* ZombieConga */ = {
			isa = PBXNativeTarget;
			buildConfigurationList = B9CB23781DB09ED600A46C76 /* Build configuration list for PBXNativeTarget "ZombieConga" */;
			buildPhases = (
				B9CB235C1DB09ED600A46C76 /* Sources */,
				B9CB235D1DB09ED600A46C76 /* Frameworks */,
				B9CB235E1DB09ED600A46C76 /* Resources */,
			);
			buildRules = (
			);
			dependencies = (
			);
			name = ZombieConga;
			productName = ZombieConga;
			productReference = B9CB23601DB09ED600A46C76 /* ZombieConga.app */;
			productType = "com.apple.product-type.application";
		};
/* End PBXNativeTarget section */

/* Begin PBXProject section */
		B9CB23581DB09ED600A46C76 /* Project object */ = {
			isa = PBXProject;
			attributes = {
				LastSwiftUpdateCheck = 0800;
				LastUpgradeCheck = 0800;
				ORGANIZATIONNAME = CETCME;
				TargetAttributes = {
					B9CB235F1DB09ED600A46C76 = {
						CreatedOnToolsVersion = 8.0;
						DevelopmentTeam = GN7256EV7F;
						ProvisioningStyle = Automatic;
					};
				};
			};
			buildConfigurationList = B9CB235B1DB09ED600A46C76 /* Build configuration list for PBXProject "ZombieConga" */;
			compatibilityVersion = "Xcode 3.2";
			developmentRegion = English;
			hasScannedForEncodings = 0;
			knownRegions = (
				en,
				Base,
			);
			mainGroup = B9CB23571DB09ED600A46C76;
			productRefGroup = B9CB23611DB09ED600A46C76 /* Products */;
			projectDirPath = "";
			projectRoot = "";
			targets = (
				B9CB235F1DB09ED600A46C76 /* ZombieConga */,
			);
		};
/* End PBXProject section */

/* Begin PBXResourcesBuildPhase section */
		B9CB235E1DB09ED600A46C76 /* Resources */ = {
			isa = PBXResourcesBuildPhase;
			buildActionMask = 2147483647;
			files = (
				B9CB236F1DB09ED600A46C76 /* Main.storyboard in Resources */,
				B9CB23711DB09ED600A46C76 /* Assets.xcassets in Resources */,
				B9CB23741DB09ED600A46C76 /* LaunchScreen.storyboard in Resources */,
			);
			runOnlyForDeploymentPostprocessing = 0;
		};
/* End PBXResourcesBuildPhase section */

/* Begin PBXSourcesBuildPhase section */
		B9CB235C1DB09ED600A46C76 /* Sources */ = {
			isa = PBXSourcesBuildPhase;
			buildActionMask = 2147483647;
			files = (
				B9CB236A1DB09ED600A46C76 /* GameScene.swift in Sources */,
				B9CB236C1DB09ED600A46C76 /* GameViewController.swift in Sources */,
				B9CB23641DB09ED600A46C76 /* AppDelegate.swift in Sources */,
				B9166BB01DD056D2000315A9 /* Functions.swift in Sources */,
				B9CB237C1DB0BA7400A46C76 /* MyUtils.swift in Sources */,
				B9166BB21DD062B8000315A9 /* Bean.swift in Sources */,
			);
			runOnlyForDeploymentPostprocessing = 0;
		};
/* End PBXSourcesBuildPhase section */

/* Begin PBXVariantGroup section */
		B9CB236D1DB09ED600A46C76 /* Main.storyboard */ = {
			isa = PBXVariantGroup;
			children = (
				B9CB236E1DB09ED600A46C76 /* Base */,
			);
			name = Main.storyboard;
			sourceTree = "<group>";
		};
		B9CB23721DB09ED600A46C76 /* LaunchScreen.storyboard */ = {
			isa = PBXVariantGroup;
			children = (
				B9CB23731DB09ED600A46C76 /* Base */,
			);
			name = LaunchScreen.storyboard;
			sourceTree = "<group>";
		};
/* End PBXVariantGroup section */

/* Begin XCBuildConfiguration section */
		B9CB23761DB09ED600A46C76 /* Debug */ = {
			isa = XCBuildConfiguration;
			buildSettings = {
				ALWAYS_SEARCH_USER_PATHS = NO;
				CLANG_ANALYZER_NONNULL = YES;
				CLANG_CXX_LANGUAGE_STANDARD = "gnu++0x";
				CLANG_CXX_LIBRARY = "libc++";
				CLANG_ENABLE_MODULES = YES;
				CLANG_ENABLE_OBJC_ARC = YES;
				CLANG_WARN_BOOL_CONVERSION = YES;
				CLANG_WARN_CONSTANT_CONVERSION = YES;
				CLANG_WARN_DIRECT_OBJC_ISA_USAGE = YES_ERROR;
				CLANG_WARN_DOCUMENTATION_COMMENTS = YES;
				CLANG_WARN_EMPTY_BODY = YES;
				CLANG_WARN_ENUM_CONVERSION = YES;
				CLANG_WARN_INFINITE_RECURSION = YES;
				CLANG_WARN_INT_CONVERSION = YES;
				CLANG_WARN_OBJC_ROOT_CLASS = YES_ERROR;
				CLANG_WARN_SUSPICIOUS_MOVES = YES;
				CLANG_WARN_UNREACHABLE_CODE = YES;
				CLANG_WARN__DUPLICATE_METHOD_MATCH = YES;
				"CODE_SIGN_IDENTITY[sdk=iphoneos*]" = "iPhone Developer";
				COPY_PHASE_STRIP = NO;
				DEBUG_INFORMATION_FORMAT = dwarf;
				ENABLE_STRICT_OBJC_MSGSEND = YES;
				ENABLE_TESTABILITY = YES;
				GCC_C_LANGUAGE_STANDARD = gnu99;
				GCC_DYNAMIC_NO_PIC = NO;
				GCC_NO_COMMON_BLOCKS = YES;
				GCC_OPTIMIZATION_LEVEL = 0;
				GCC_PREPROCESSOR_DEFINITIONS = (
					"DEBUG=1",
					"$(inherited)",
				);
				GCC_WARN_64_TO_32_BIT_CONVERSION = YES;
				GCC_WARN_ABOUT_RETURN_TYPE = YES_ERROR;
				GCC_WARN_UNDECLARED_SELECTOR = YES;
				GCC_WARN_UNINITIALIZED_AUTOS = YES_AGGRESSIVE;
				GCC_WARN_UNUSED_FUNCTION = YES;
				GCC_WARN_UNUSED_VARIABLE = YES;
				IPHONEOS_DEPLOYMENT_TARGET = 10.0;
				MTL_ENABLE_DEBUG_INFO = YES;
				ONLY_ACTIVE_ARCH = YES;
				SDKROOT = iphoneos;
				SWIFT_ACTIVE_COMPILATION_CONDITIONS = DEBUG;
				SWIFT_OPTIMIZATION_LEVEL = "-Onone";
				TARGETED_DEVICE_FAMILY = "1,2";
			};
			name = Debug;
		};
		B9CB23771DB09ED600A46C76 /* Release */ = {
			isa = XCBuildConfiguration;
			buildSettings = {
				ALWAYS_SEARCH_USER_PATHS = NO;
				CLANG_ANALYZER_NONNULL = YES;
				CLANG_CXX_LANGUAGE_STANDARD = "gnu++0x";
				CLANG_CXX_LIBRARY = "libc++";
				CLANG_ENABLE_MODULES = YES;
				CLANG_ENABLE_OBJC_ARC = YES;
				CLANG_WARN_BOOL_CONVERSION = YES;
				CLANG_WARN_CONSTANT_CONVERSION = YES;
				CLANG_WARN_DIRECT_OBJC_ISA_USAGE = YES_ERROR;
				CLANG_WARN_DOCUMENTATION_COMMENTS = YES;
				CLANG_WARN_EMPTY_BODY = YES;
				CLANG_WARN_ENUM_CONVERSION = YES;
				CLANG_WARN_INFINITE_RECURSION = YES;
				CLANG_WARN_INT_CONVERSION = YES;
				CLANG_WARN_OBJC_ROOT_CLASS = YES_ERROR;
				CLANG_WARN_SUSPICIOUS_MOVES = YES;
				CLANG_WARN_UNREACHABLE_CODE = YES;
				CLANG_WARN__DUPLICATE_METHOD_MATCH = YES;
				"CODE_SIGN_IDENTITY[sdk=iphoneos*]" = "iPhone Developer";
				COPY_PHASE_STRIP = NO;
				DEBUG_INFORMATION_FORMAT = "dwarf-with-dsym";
				ENABLE_NS_ASSERTIONS = NO;
				ENABLE_STRICT_OBJC_MSGSEND = YES;
				GCC_C_LANGUAGE_STANDARD = gnu99;
				GCC_NO_COMMON_BLOCKS = YES;
				GCC_WARN_64_TO_32_BIT_CONVERSION = YES;
				GCC_WARN_ABOUT_RETURN_TYPE = YES_ERROR;
				GCC_WARN_UNDECLARED_SELECTOR = YES;
				GCC_WARN_UNINITIALIZED_AUTOS = YES_AGGRESSIVE;
				GCC_WARN_UNUSED_FUNCTION = YES;
				GCC_WARN_UNUSED_VARIABLE = YES;
				IPHONEOS_DEPLOYMENT_TARGET = 10.0;
				MTL_ENABLE_DEBUG_INFO = NO;
				SDKROOT = iphoneos;
				SWIFT_OPTIMIZATION_LEVEL = "-Owholemodule";
				TARGETED_DEVICE_FAMILY = "1,2";
				VALIDATE_PRODUCT = YES;
			};
			name = Release;
		};
		B9CB23791DB09ED600A46C76 /* Debug */ = {
			isa = XCBuildConfiguration;
			buildSettings = {
				ASSETCATALOG_COMPILER_APPICON_NAME = AppIcon;
				DEVELOPMENT_TEAM = GN7256EV7F;
				INFOPLIST_FILE = ZombieConga/Info.plist;
				LD_RUNPATH_SEARCH_PATHS = "$(inherited) @executable_path/Frameworks";
				PRODUCT_BUNDLE_IDENTIFIER = com.CETCME.ZombieConga;
				PRODUCT_NAME = "$(TARGET_NAME)";
				SWIFT_VERSION = 3.0;
			};
			name = Debug;
		};
		B9CB237A1DB09ED600A46C76 /* Release */ = {
			isa = XCBuildConfiguration;
			buildSettings = {
				ASSETCATALOG_COMPILER_APPICON_NAME = AppIcon;
				DEVELOPMENT_TEAM = GN7256EV7F;
				INFOPLIST_FILE = ZombieConga/Info.plist;
				LD_RUNPATH_SEARCH_PATHS = "$(inherited) @executable_path/Frameworks";
				PRODUCT_BUNDLE_IDENTIFIER = com.CETCME.ZombieConga;
				PRODUCT_NAME = "$(TARGET_NAME)";
				SWIFT_VERSION = 3.0;
			};
			name = Release;
		};
/* End XCBuildConfiguration section */

/* Begin XCConfigurationList section */
		B9CB235B1DB09ED600A46C76 /* Build configuration list for PBXProject "ZombieConga" */ = {
			isa = XCConfigurationList;
			buildConfigurations = (
				B9CB23761DB09ED600A46C76 /* Debug */,
				B9CB23771DB09ED600A46C76 /* Release */,
			);
			defaultConfigurationIsVisible = 0;
			defaultConfigurationName = Release;
		};
		B9CB23781DB09ED600A46C76 /* Build configuration list for PBXNativeTarget "ZombieConga" */ = {
			isa = XCConfigurationList;
			buildConfigurations = (
				B9CB23791DB09ED600A46C76 /* Debug */,
				B9CB237A1DB09ED600A46C76 /* Release */,
			);
			defaultConfigurationIsVisible = 0;
			defaultConfigurationName = Release;
		};
/* End XCConfigurationList section */
	};
	rootObject = B9CB23581DB09ED600A46C76 /* Project object */;
}
